<?xml version="1.0" encoding="UTF-8"?>
<Project ToolsVersion="14.0" xmlns="http://schemas.microsoft.com/developer/msbuild/2003">
  <ItemGroup>
    <ClCompile Include="D:\WorkSpace\BIMGIS\trunk\MeEarth\Example\BlueStar\main.cpp">
      <Filter>Source Files</Filter>
    </ClCompile>
    <ClCompile Include="D:\WorkSpace\BIMGIS\trunk\MeEarth\Example\BlueStar\InputLib.cpp">
      <Filter>Source Files</Filter>
    </ClCompile>
    <ClCompile Include="D:\WorkSpace\BIMGIS\trunk\MeEarth\Example\BlueStar\MainWindow.cpp">
      <Filter>Source Files</Filter>
    </ClCompile>
    <ClCompile Include="D:\WorkSpace\BIMGIS\trunk\MeEarth\Example\BlueStar\moc_MainWindow.cpp">
      <Filter>Generated Files</Filter>
    </ClCompile>
    <ClCompile Include="D:\WorkSpace\BIMGIS\trunk\MeEarth\Example\BlueStar\qrc_main.cpp">
      <Filter>Generated Files</Filter>
    </ClCompile>
  </ItemGroup>
  <ItemGroup>
    <ClInclude Include="D:\WorkSpace\BIMGIS\trunk\MeEarth\Example\BlueStar\ui_MainWindow.h">
      <Filter>Generated Files</Filter>
    </ClInclude>
    <ClInclude Include="D:\WorkSpace\BIMGIS\trunk\MeEarth\Example\BlueStar\MainWindow.h">
      <Filter>Header Files</Filter>
    </ClInclude>
  </ItemGroup>
  <ItemGroup>
    <CustomBuild Include="D:\WorkSpace\BIMGIS\trunk\MeEarth\Example\BlueStar\CMakeLists.txt" />
    <CustomBuild Include="D:\WorkSpace\BIMGIS\trunk\MeEarth\Example\BlueStar\MainWindow.ui">
      <Filter>Form Files</Filter>
    </CustomBuild>
    <CustomBuild Include="D:\WorkSpace\BIMGIS\trunk\MeEarth\CMakeFiles\f7eb69156fcea0f5ebc09dd2b2ef4850\moc_MainWindow.cpp.rule">
      <Filter>CMake Rules</Filter>
    </CustomBuild>
    <CustomBuild Include="D:\WorkSpace\BIMGIS\trunk\MeEarth\Example\BlueStar\main.qrc">
      <Filter>Resource Files</Filter>
    </CustomBuild>
  </ItemGroup>
  <ItemGroup>
    <Filter Include="Source Files">
      <UniqueIdentifier>{03A0C08F-24A4-3B32-B232-BC66D4525755}</UniqueIdentifier>
    </Filter>
    <Filter Include="Header Files">
      <UniqueIdentifier>{900B0F20-EBC0-326D-9E2C-6FE98FE6F049}</UniqueIdentifier>
    </Filter>
    <Filter Include="CMake Rules">
      <UniqueIdentifier>{6C1ED564-594E-3026-A993-CCC167478DC8}</UniqueIdentifier>
    </Filter>
    <Filter Include="Form Files">
      <UniqueIdentifier>{9E65CB66-4A72-3348-9E33-931F43EA7950}</UniqueIdentifier>
    </Filter>
    <Filter Include="Resource Files">
      <UniqueIdentifier>{E6AAAAA4-F4CD-3D62-B161-2D43A232A472}</UniqueIdentifier>
    </Filter>
    <Filter Include="Generated Files">
      <UniqueIdentifier>{C973E375-5BAA-3FCC-BA6A-0CC37748B603}</UniqueIdentifier>
    </Filter>
  </ItemGroup>
</Project>
